
Microsoft Visual Studio Solution File, Format Version 12.00
# Visual Studio Version 16
VisualStudioVersion = 16.0.29905.134
MinimumVisualStudioVersion = 10.0.40219.1
Project("{9A19103F-16F7-4668-BE54-9A1E7A4F7556}") = "APIGateway", "APIGateway\APIGateway.csproj", "{71551B39-0A4C-4117-A882-CF2FDEB07C45}"
EndProject
Project("{2150E333-8FDC-42A3-9474-1A3956D46DE8}") = "Core", "Core", "{570C612E-16AA-4794-AB88-7E56869D6F85}"
EndProject
Project("{9A19103F-16F7-4668-BE54-9A1E7A4F7556}") = "Core.CommonModel", "Core\Core.CommonModel\Core.CommonModel.csproj", "{C9304454-DB9A-416D-B90A-197BCB665CAC}"
EndProject
Project("{2150E333-8FDC-42A3-9474-1A3956D46DE8}") = "API", "API", "{255B4CCD-409F-44B6-9B5A-6AC5B88599CF}"
EndProject
Project("{9A19103F-16F7-4668-BE54-9A1E7A4F7556}") = "Core.Utility", "Core\Core.Utility\Core.Utility.csproj", "{A217428D-E336-4CDA-87D3-E7AEE7CB6A8E}"
EndProject
Project("{9A19103F-16F7-4668-BE54-9A1E7A4F7556}") = "Core.Services", "Core\Core.Services\Core.Services.csproj", "{ADB5C9E9-1B2B-4446-9C23-84F46647E361}"
EndProject
Project("{9A19103F-16F7-4668-BE54-9A1E7A4F7556}") = "Core.CommonMessage", "Core\Core.CommonMessage\Core.CommonMessage.csproj", "{7A438048-8E7D-4F57-8CAD-3F6F72B41EEC}"
EndProject
Project("{9A19103F-16F7-4668-BE54-9A1E7A4F7556}") = "Core.DataAccess", "Core\Core.DataAccess\Core.DataAccess.csproj", "{5169B18C-736F-422F-A734-2192A05683EA}"
EndProject
Project("{2150E333-8FDC-42A3-9474-1A3956D46DE8}") = "DataBase", "DataBase", "{F9B2617F-3556-4E19-94E1-55A99654141F}"
EndProject
Project("{9A19103F-16F7-4668-BE54-9A1E7A4F7556}") = "Database.Sql.Security", "Database\Database.Sql.Security\Database.Sql.Security.csproj", "{EC603939-8723-4FCB-BEE9-EE6189D5278B}"
EndProject
Project("{2150E333-8FDC-42A3-9474-1A3956D46DE8}") = "Solution Items", "Solution Items", "{9124D82B-9583-4999-A709-AD7713BCDC5C}"
	ProjectSection(SolutionItems) = preProject
		.editorconfig = .editorconfig
	EndProjectSection
EndProject
Project("{9A19103F-16F7-4668-BE54-9A1E7A4F7556}") = "API.Security", "API\API.Security\API.Security.csproj", "{96DF6025-340E-4265-BA52-6D284DFA687A}"
EndProject
Project("{9A19103F-16F7-4668-BE54-9A1E7A4F7556}") = "Database.Sql.Gym", "DataBase\Database.Sql.Gym\Database.Sql.Gym.csproj", "{D79088D4-2126-4113-BC07-395AD213BD9E}"
EndProject
Project("{2150E333-8FDC-42A3-9474-1A3956D46DE8}") = "Services", "Services", "{88D5E243-A017-4D8C-A39F-4B2BA5EAC29D}"
EndProject
Project("{9A19103F-16F7-4668-BE54-9A1E7A4F7556}") = "Service.Security", "Services\Service.Security\Service.Security.csproj", "{53C65EB9-D6D0-4110-AC89-97E9585139FB}"
EndProject
Project("{9A19103F-16F7-4668-BE54-9A1E7A4F7556}") = "Service.Gym", "Services\Service.Gym\Service.Gym.csproj", "{C2D9531D-3761-4A1B-84E6-184F4CB2CFF6}"
EndProject
Project("{9A19103F-16F7-4668-BE54-9A1E7A4F7556}") = "API.Gym", "API\API.Gym\API.Gym.csproj", "{3288C7EB-FFAE-4D41-8921-20642FA43A3F}"
EndProject
Project("{FAE04EC0-301F-11D3-BF4B-00C04F79EFBC}") = "DataBase.Sql.HR", "DataBase\DataBase.Sql.HR\DataBase.Sql.HR.csproj", "{3BA2A1A4-9D20-460D-B5BA-CECAE2AA68B0}"
EndProject
Global
	GlobalSection(SolutionConfigurationPlatforms) = preSolution
		Debug|Any CPU = Debug|Any CPU
		Release|Any CPU = Release|Any CPU
	EndGlobalSection
	GlobalSection(ProjectConfigurationPlatforms) = postSolution
		{71551B39-0A4C-4117-A882-CF2FDEB07C45}.Debug|Any CPU.ActiveCfg = Debug|Any CPU
		{71551B39-0A4C-4117-A882-CF2FDEB07C45}.Debug|Any CPU.Build.0 = Debug|Any CPU
		{71551B39-0A4C-4117-A882-CF2FDEB07C45}.Release|Any CPU.ActiveCfg = Release|Any CPU
		{71551B39-0A4C-4117-A882-CF2FDEB07C45}.Release|Any CPU.Build.0 = Release|Any CPU
		{C9304454-DB9A-416D-B90A-197BCB665CAC}.Debug|Any CPU.ActiveCfg = Debug|Any CPU
		{C9304454-DB9A-416D-B90A-197BCB665CAC}.Debug|Any CPU.Build.0 = Debug|Any CPU
		{C9304454-DB9A-416D-B90A-197BCB665CAC}.Release|Any CPU.ActiveCfg = Release|Any CPU
		{C9304454-DB9A-416D-B90A-197BCB665CAC}.Release|Any CPU.Build.0 = Release|Any CPU
		{A217428D-E336-4CDA-87D3-E7AEE7CB6A8E}.Debug|Any CPU.ActiveCfg = Debug|Any CPU
		{A217428D-E336-4CDA-87D3-E7AEE7CB6A8E}.Debug|Any CPU.Build.0 = Debug|Any CPU
		{A217428D-E336-4CDA-87D3-E7AEE7CB6A8E}.Release|Any CPU.ActiveCfg = Release|Any CPU
		{A217428D-E336-4CDA-87D3-E7AEE7CB6A8E}.Release|Any CPU.Build.0 = Release|Any CPU
		{ADB5C9E9-1B2B-4446-9C23-84F46647E361}.Debug|Any CPU.ActiveCfg = Debug|Any CPU
		{ADB5C9E9-1B2B-4446-9C23-84F46647E361}.Debug|Any CPU.Build.0 = Debug|Any CPU
		{ADB5C9E9-1B2B-4446-9C23-84F46647E361}.Release|Any CPU.ActiveCfg = Release|Any CPU
		{ADB5C9E9-1B2B-4446-9C23-84F46647E361}.Release|Any CPU.Build.0 = Release|Any CPU
		{7A438048-8E7D-4F57-8CAD-3F6F72B41EEC}.Debug|Any CPU.ActiveCfg = Debug|Any CPU
		{7A438048-8E7D-4F57-8CAD-3F6F72B41EEC}.Debug|Any CPU.Build.0 = Debug|Any CPU
		{7A438048-8E7D-4F57-8CAD-3F6F72B41EEC}.Release|Any CPU.ActiveCfg = Release|Any CPU
		{7A438048-8E7D-4F57-8CAD-3F6F72B41EEC}.Release|Any CPU.Build.0 = Release|Any CPU
		{5169B18C-736F-422F-A734-2192A05683EA}.Debug|Any CPU.ActiveCfg = Debug|Any CPU
		{5169B18C-736F-422F-A734-2192A05683EA}.Debug|Any CPU.Build.0 = Debug|Any CPU
		{5169B18C-736F-422F-A734-2192A05683EA}.Release|Any CPU.ActiveCfg = Release|Any CPU
		{5169B18C-736F-422F-A734-2192A05683EA}.Release|Any CPU.Build.0 = Release|Any CPU
		{EC603939-8723-4FCB-BEE9-EE6189D5278B}.Debug|Any CPU.ActiveCfg = Debug|Any CPU
		{EC603939-8723-4FCB-BEE9-EE6189D5278B}.Debug|Any CPU.Build.0 = Debug|Any CPU
		{EC603939-8723-4FCB-BEE9-EE6189D5278B}.Release|Any CPU.ActiveCfg = Release|Any CPU
		{EC603939-8723-4FCB-BEE9-EE6189D5278B}.Release|Any CPU.Build.0 = Release|Any CPU
		{96DF6025-340E-4265-BA52-6D284DFA687A}.Debug|Any CPU.ActiveCfg = Debug|Any CPU
		{96DF6025-340E-4265-BA52-6D284DFA687A}.Debug|Any CPU.Build.0 = Debug|Any CPU
		{96DF6025-340E-4265-BA52-6D284DFA687A}.Release|Any CPU.ActiveCfg = Release|Any CPU
		{96DF6025-340E-4265-BA52-6D284DFA687A}.Release|Any CPU.Build.0 = Release|Any CPU
		{D79088D4-2126-4113-BC07-395AD213BD9E}.Debug|Any CPU.ActiveCfg = Debug|Any CPU
		{D79088D4-2126-4113-BC07-395AD213BD9E}.Debug|Any CPU.Build.0 = Debug|Any CPU
		{D79088D4-2126-4113-BC07-395AD213BD9E}.Release|Any CPU.ActiveCfg = Release|Any CPU
		{D79088D4-2126-4113-BC07-395AD213BD9E}.Release|Any CPU.Build.0 = Release|Any CPU
		{53C65EB9-D6D0-4110-AC89-97E9585139FB}.Debug|Any CPU.ActiveCfg = Debug|Any CPU
		{53C65EB9-D6D0-4110-AC89-97E9585139FB}.Debug|Any CPU.Build.0 = Debug|Any CPU
		{53C65EB9-D6D0-4110-AC89-97E9585139FB}.Release|Any CPU.ActiveCfg = Release|Any CPU
		{53C65EB9-D6D0-4110-AC89-97E9585139FB}.Release|Any CPU.Build.0 = Release|Any CPU
		{C2D9531D-3761-4A1B-84E6-184F4CB2CFF6}.Debug|Any CPU.ActiveCfg = Debug|Any CPU
		{C2D9531D-3761-4A1B-84E6-184F4CB2CFF6}.Debug|Any CPU.Build.0 = Debug|Any CPU
		{C2D9531D-3761-4A1B-84E6-184F4CB2CFF6}.Release|Any CPU.ActiveCfg = Release|Any CPU
		{C2D9531D-3761-4A1B-84E6-184F4CB2CFF6}.Release|Any CPU.Build.0 = Release|Any CPU
		{3288C7EB-FFAE-4D41-8921-20642FA43A3F}.Debug|Any CPU.ActiveCfg = Debug|Any CPU
		{3288C7EB-FFAE-4D41-8921-20642FA43A3F}.Debug|Any CPU.Build.0 = Debug|Any CPU
		{3288C7EB-FFAE-4D41-8921-20642FA43A3F}.Release|Any CPU.ActiveCfg = Release|Any CPU
		{3288C7EB-FFAE-4D41-8921-20642FA43A3F}.Release|Any CPU.Build.0 = Release|Any CPU
		{3BA2A1A4-9D20-460D-B5BA-CECAE2AA68B0}.Debug|Any CPU.ActiveCfg = Debug|Any CPU
		{3BA2A1A4-9D20-460D-B5BA-CECAE2AA68B0}.Debug|Any CPU.Build.0 = Debug|Any CPU
		{3BA2A1A4-9D20-460D-B5BA-CECAE2AA68B0}.Release|Any CPU.ActiveCfg = Release|Any CPU
		{3BA2A1A4-9D20-460D-B5BA-CECAE2AA68B0}.Release|Any CPU.Build.0 = Release|Any CPU
	EndGlobalSection
	GlobalSection(SolutionProperties) = preSolution
		HideSolutionNode = FALSE
	EndGlobalSection
	GlobalSection(NestedProjects) = preSolution
		{C9304454-DB9A-416D-B90A-197BCB665CAC} = {570C612E-16AA-4794-AB88-7E56869D6F85}
		{A217428D-E336-4CDA-87D3-E7AEE7CB6A8E} = {570C612E-16AA-4794-AB88-7E56869D6F85}
		{ADB5C9E9-1B2B-4446-9C23-84F46647E361} = {570C612E-16AA-4794-AB88-7E56869D6F85}
		{7A438048-8E7D-4F57-8CAD-3F6F72B41EEC} = {570C612E-16AA-4794-AB88-7E56869D6F85}
		{5169B18C-736F-422F-A734-2192A05683EA} = {570C612E-16AA-4794-AB88-7E56869D6F85}
		{EC603939-8723-4FCB-BEE9-EE6189D5278B} = {F9B2617F-3556-4E19-94E1-55A99654141F}
		{96DF6025-340E-4265-BA52-6D284DFA687A} = {255B4CCD-409F-44B6-9B5A-6AC5B88599CF}
		{D79088D4-2126-4113-BC07-395AD213BD9E} = {F9B2617F-3556-4E19-94E1-55A99654141F}
		{53C65EB9-D6D0-4110-AC89-97E9585139FB} = {88D5E243-A017-4D8C-A39F-4B2BA5EAC29D}
		{C2D9531D-3761-4A1B-84E6-184F4CB2CFF6} = {88D5E243-A017-4D8C-A39F-4B2BA5EAC29D}
		{3288C7EB-FFAE-4D41-8921-20642FA43A3F} = {255B4CCD-409F-44B6-9B5A-6AC5B88599CF}
		{3BA2A1A4-9D20-460D-B5BA-CECAE2AA68B0} = {F9B2617F-3556-4E19-94E1-55A99654141F}
	EndGlobalSection
	GlobalSection(ExtensibilityGlobals) = postSolution
		SolutionGuid = {AAC30EBA-3726-4B63-A7C4-85E7BB9A069D}
	EndGlobalSection
EndGlobal
